// !$*UTF8*$!
{
	archiveVersion = 1;
	classes = {
	};
	objectVersion = 55;
	objects = {

/* Begin PBXBuildFile section */
		BFA4673A2AF62EC300F2F582 /* AppDelegate.swift in Sources */ = {isa = PBXBuildFile; fileRef = BFA467392AF62EC300F2F582 /* AppDelegate.swift */; };
		BFA4673C2AF62EC300F2F582 /* SceneDelegate.swift in Sources */ = {isa = PBXBuildFile; fileRef = BFA4673B2AF62EC300F2F582 /* SceneDelegate.swift */; };
		BFA4673E2AF62EC300F2F582 /* ViewController.swift in Sources */ = {isa = PBXBuildFile; fileRef = BFA4673D2AF62EC300F2F582 /* ViewController.swift */; };
		BFA467412AF62EC300F2F582 /* Main.storyboard in Resources */ = {isa = PBXBuildFile; fileRef = BFA4673F2AF62EC300F2F582 /* Main.storyboard */; };
		BFA467432AF62EC400F2F582 /* Assets.xcassets in Resources */ = {isa = PBXBuildFile; fileRef = BFA467422AF62EC400F2F582 /* Assets.xcassets */; };
		BFA467462AF62EC400F2F582 /* LaunchScreen.storyboard in Resources */ = {isa = PBXBuildFile; fileRef = BFA467442AF62EC400F2F582 /* LaunchScreen.storyboard */; };
		BFA467522AF634CB00F2F582 /* Crypto.swift in Sources */ = {isa = PBXBuildFile; fileRef = BFA467512AF634CB00F2F582 /* Crypto.swift */; };
		BFA467542AF6371E00F2F582 /* Webservice.swift in Sources */ = {isa = PBXBuildFile; fileRef = BFA467532AF6371E00F2F582 /* Webservice.swift */; };
		BFA467562AF658E400F2F582 /* CryptoViewModel.swift in Sources */ = {isa = PBXBuildFile; fileRef = BFA467552AF658E400F2F582 /* CryptoViewModel.swift */; };
		BFA467592AF784B800F2F582 /* RxCocoa in Frameworks */ = {isa = PBXBuildFile; productRef = BFA467582AF784B800F2F582 /* RxCocoa */; };
		BFA4675B2AF784B800F2F582 /* RxSwift in Frameworks */ = {isa = PBXBuildFile; productRef = BFA4675A2AF784B800F2F582 /* RxSwift */; };
/* End PBXBuildFile section */

/* Begin PBXFileReference section */
		BFA467362AF62EC300F2F582 /* RxMVVM.app */ = {isa = PBXFileReference; explicitFileType = wrapper.application; includeInIndex = 0; path = RxMVVM.app; sourceTree = BUILT_PRODUCTS_DIR; };
		BFA467392AF62EC300F2F582 /* AppDelegate.swift */ = {isa = PBXFileReference; lastKnownFileType = sourcecode.swift; path = AppDelegate.swift; sourceTree = "<group>"; };
		BFA4673B2AF62EC300F2F582 /* SceneDelegate.swift */ = {isa = PBXFileReference; lastKnownFileType = sourcecode.swift; path = SceneDelegate.swift; sourceTree = "<group>"; };
		BFA4673D2AF62EC300F2F582 /* ViewController.swift */ = {isa = PBXFileReference; lastKnownFileType = sourcecode.swift; path = ViewController.swift; sourceTree = "<group>"; };
		BFA467402AF62EC300F2F582 /* Base */ = {isa = PBXFileReference; lastKnownFileType = file.storyboard; name = Base; path = Base.lproj/Main.storyboard; sourceTree = "<group>"; };
		BFA467422AF62EC400F2F582 /* Assets.xcassets */ = {isa = PBXFileReference; lastKnownFileType = folder.assetcatalog; path = Assets.xcassets; sourceTree = "<group>"; };
		BFA467452AF62EC400F2F582 /* Base */ = {isa = PBXFileReference; lastKnownFileType = file.storyboard; name = Base; path = Base.lproj/LaunchScreen.storyboard; sourceTree = "<group>"; };
		BFA467472AF62EC400F2F582 /* Info.plist */ = {isa = PBXFileReference; lastKnownFileType = text.plist.xml; path = Info.plist; sourceTree = "<group>"; };
		BFA467512AF634CB00F2F582 /* Crypto.swift */ = {isa = PBXFileReference; lastKnownFileType = sourcecode.swift; path = Crypto.swift; sourceTree = "<group>"; };
		BFA467532AF6371E00F2F582 /* Webservice.swift */ = {isa = PBXFileReference; lastKnownFileType = sourcecode.swift; path = Webservice.swift; sourceTree = "<group>"; };
		BFA467552AF658E400F2F582 /* CryptoViewModel.swift */ = {isa = PBXFileReference; lastKnownFileType = sourcecode.swift; path = CryptoViewModel.swift; sourceTree = "<group>"; };
/* End PBXFileReference section */

/* Begin PBXFrameworksBuildPhase section */
		BFA467332AF62EC300F2F582 /* Frameworks */ = {
			isa = PBXFrameworksBuildPhase;
			buildActionMask = 2147483647;
			files = (
				BFA4675B2AF784B800F2F582 /* RxSwift in Frameworks */,
				BFA467592AF784B800F2F582 /* RxCocoa in Frameworks */,
			);
			runOnlyForDeploymentPostprocessing = 0;
		};
/* End PBXFrameworksBuildPhase section */

/* Begin PBXGroup section */
		BFA4672D2AF62EC300F2F582 = {
			isa = PBXGroup;
			children = (
				BFA467382AF62EC300F2F582 /* RxMVVM */,
				BFA467372AF62EC300F2F582 /* Products */,
			);
			sourceTree = "<group>";
		};
		BFA467372AF62EC300F2F582 /* Products */ = {
			isa = PBXGroup;
			children = (
				BFA467362AF62EC300F2F582 /* RxMVVM.app */,
			);
			name = Products;
			sourceTree = "<group>";
		};
		BFA467382AF62EC300F2F582 /* RxMVVM */ = {
			isa = PBXGroup;
			children = (
				BFA467392AF62EC300F2F582 /* AppDelegate.swift */,
				BFA4673B2AF62EC300F2F582 /* SceneDelegate.swift */,
				BFA467502AF6321C00F2F582 /* Service */,
				BFA4674F2AF6321200F2F582 /* Model */,
				BFA4674E2AF6320900F2F582 /* ViewModel */,
				BFA4674D2AF631F900F2F582 /* View */,
				BFA4673F2AF62EC300F2F582 /* Main.storyboard */,
				BFA467422AF62EC400F2F582 /* Assets.xcassets */,
				BFA467442AF62EC400F2F582 /* LaunchScreen.storyboard */,
				BFA467472AF62EC400F2F582 /* Info.plist */,
			);
			path = RxMVVM;
			sourceTree = "<group>";
		};
		BFA4674D2AF631F900F2F582 /* View */ = {
			isa = PBXGroup;
			children = (
				BFA4673D2AF62EC300F2F582 /* ViewController.swift */,
			);
			path = View;
			sourceTree = "<group>";
		};
		BFA4674E2AF6320900F2F582 /* ViewModel */ = {
			isa = PBXGroup;
			children = (
				BFA467552AF658E400F2F582 /* CryptoViewModel.swift */,
			);
			path = ViewModel;
			sourceTree = "<group>";
		};
		BFA4674F2AF6321200F2F582 /* Model */ = {
			isa = PBXGroup;
			children = (
				BFA467512AF634CB00F2F582 /* Crypto.swift */,
			);
			path = Model;
			sourceTree = "<group>";
		};
		BFA467502AF6321C00F2F582 /* Service */ = {
			isa = PBXGroup;
			children = (
				BFA467532AF6371E00F2F582 /* Webservice.swift */,
			);
			path = Service;
			sourceTree = "<group>";
		};
/* End PBXGroup section */

/* Begin PBXNativeTarget section */
		BFA467352AF62EC300F2F582 /* RxMVVM */ = {
			isa = PBXNativeTarget;
			buildConfigurationList = BFA4674A2AF62EC400F2F582 /* Build configuration list for PBXNativeTarget "RxMVVM" */;
			buildPhases = (
				BFA467322AF62EC300F2F582 /* Sources */,
				BFA467332AF62EC300F2F582 /* Frameworks */,
				BFA467342AF62EC300F2F582 /* Resources */,
			);
			buildRules = (
			);
			dependencies = (
			);
			name = RxMVVM;
			packageProductDependencies = (
				BFA467582AF784B800F2F582 /* RxCocoa */,
				BFA4675A2AF784B800F2F582 /* RxSwift */,
			);
			productName = RxMVVM;
			productReference = BFA467362AF62EC300F2F582 /* RxMVVM.app */;
			productType = "com.apple.product-type.application";
		};
/* End PBXNativeTarget section */

/* Begin PBXProject section */
		BFA4672E2AF62EC300F2F582 /* Project object */ = {
			isa = PBXProject;
			attributes = {
				BuildIndependentTargetsInParallel = 1;
				LastSwiftUpdateCheck = 1340;
				LastUpgradeCheck = 1340;
				TargetAttributes = {
					BFA467352AF62EC300F2F582 = {
						CreatedOnToolsVersion = 13.4.1;
					};
				};
			};
			buildConfigurationList = BFA467312AF62EC300F2F582 /* Build configuration list for PBXProject "RxMVVM" */;
			compatibilityVersion = "Xcode 13.0";
			developmentRegion = en;
			hasScannedForEncodings = 0;
			knownRegions = (
				en,
				Base,
			);
			mainGroup = BFA4672D2AF62EC300F2F582;
			packageReferences = (
				BFA467572AF784B800F2F582 /* XCRemoteSwiftPackageReference "RxSwift" */,
			);
			productRefGroup = BFA467372AF62EC300F2F582 /* Products */;
			projectDirPath = "";
			projectRoot = "";
			targets = (
				BFA467352AF62EC300F2F582 /* RxMVVM */,
			);
		};
/* End PBXProject section */

/* Begin PBXResourcesBuildPhase section */
		BFA467342AF62EC300F2F582 /* Resources */ = {
			isa = PBXResourcesBuildPhase;
			buildActionMask = 2147483647;
			files = (
				BFA467462AF62EC400F2F582 /* LaunchScreen.storyboard in Resources */,
				BFA467432AF62EC400F2F582 /* Assets.xcassets in Resources */,
				BFA467412AF62EC300F2F582 /* Main.storyboard in Resources */,
			);
			runOnlyForDeploymentPostprocessing = 0;
		};
/* End PBXResourcesBuildPhase section */

/* Begin PBXSourcesBuildPhase section */
		BFA467322AF62EC300F2F582 /* Sources */ = {
			isa = PBXSourcesBuildPhase;
			buildActionMask = 2147483647;
			files = (
				BFA467522AF634CB00F2F582 /* Crypto.swift in Sources */,
				BFA4673E2AF62EC300F2F582 /* ViewController.swift in Sources */,
				BFA4673A2AF62EC300F2F582 /* AppDelegate.swift in Sources */,
				BFA467542AF6371E00F2F582 /* Webservice.swift in Sources */,
				BFA4673C2AF62EC300F2F582 /* SceneDelegate.swift in Sources */,
				BFA467562AF658E400F2F582 /* CryptoViewModel.swift in Sources */,
			);
			runOnlyForDeploymentPostprocessing = 0;
		};
/* End PBXSourcesBuildPhase section */

/* Begin PBXVariantGroup section */
		BFA4673F2AF62EC300F2F582 /* Main.storyboard */ = {
			isa = PBXVariantGroup;
			children = (
				BFA467402AF62EC300F2F582 /* Base */,
			);
			name = Main.storyboard;
			sourceTree = "<group>";
		};
		BFA467442AF62EC400F2F582 /* LaunchScreen.storyboard */ = {
			isa = PBXVariantGroup;
			children = (
				BFA467452AF62EC400F2F582 /* Base */,
			);
			name = LaunchScreen.storyboard;
			sourceTree = "<group>";
		};
/* End PBXVariantGroup section */

/* Begin XCBuildConfiguration section */
		BFA467482AF62EC400F2F582 /* Debug */ = {
			isa = XCBuildConfiguration;
			buildSettings = {
				ALWAYS_SEARCH_USER_PATHS = NO;
				CLANG_ANALYZER_NONNULL = YES;
				CLANG_ANALYZER_NUMBER_OBJECT_CONVERSION = YES_AGGRESSIVE;
				CLANG_CXX_LANGUAGE_STANDARD = "gnu++17";
				CLANG_ENABLE_MODULES = YES;
				CLANG_ENABLE_OBJC_ARC = YES;
				CLANG_ENABLE_OBJC_WEAK = YES;
				CLANG_WARN_BLOCK_CAPTURE_AUTORELEASING = YES;
				CLANG_WARN_BOOL_CONVERSION = YES;
				CLANG_WARN_COMMA = YES;
				CLANG_WARN_CONSTANT_CONVERSION = YES;
				CLANG_WARN_DEPRECATED_OBJC_IMPLEMENTATIONS = YES;
				CLANG_WARN_DIRECT_OBJC_ISA_USAGE = YES_ERROR;
				CLANG_WARN_DOCUMENTATION_COMMENTS = YES;
				CLANG_WARN_EMPTY_BODY = YES;
				CLANG_WARN_ENUM_CONVERSION = YES;
				CLANG_WARN_INFINITE_RECURSION = YES;
				CLANG_WARN_INT_CONVERSION = YES;
				CLANG_WARN_NON_LITERAL_NULL_CONVERSION = YES;
				CLANG_WARN_OBJC_IMPLICIT_RETAIN_SELF = YES;
				CLANG_WARN_OBJC_LITERAL_CONVERSION = YES;
				CLANG_WARN_OBJC_ROOT_CLASS = YES_ERROR;
				CLANG_WARN_QUOTED_INCLUDE_IN_FRAMEWORK_HEADER = YES;
				CLANG_WARN_RANGE_LOOP_ANALYSIS = YES;
				CLANG_WARN_STRICT_PROTOTYPES = YES;
				CLANG_WARN_SUSPICIOUS_MOVE = YES;
				CLANG_WARN_UNGUARDED_AVAILABILITY = YES_AGGRESSIVE;
				CLANG_WARN_UNREACHABLE_CODE = YES;
				CLANG_WARN__DUPLICATE_METHOD_MATCH = YES;
				COPY_PHASE_STRIP = NO;
				DEBUG_INFORMATION_FORMAT = dwarf;
				ENABLE_STRICT_OBJC_MSGSEND = YES;
				ENABLE_TESTABILITY = YES;
				GCC_C_LANGUAGE_STANDARD = gnu11;
				GCC_DYNAMIC_NO_PIC = NO;
				GCC_NO_COMMON_BLOCKS = YES;
				GCC_OPTIMIZATION_LEVEL = 0;
				GCC_PREPROCESSOR_DEFINITIONS = (
					"DEBUG=1",
					"$(inherited)",
				);
				GCC_WARN_64_TO_32_BIT_CONVERSION = YES;
				GCC_WARN_ABOUT_RETURN_TYPE = YES_ERROR;
				GCC_WARN_UNDECLARED_SELECTOR = YES;
				GCC_WARN_UNINITIALIZED_AUTOS = YES_AGGRESSIVE;
				GCC_WARN_UNUSED_FUNCTION = YES;
				GCC_WARN_UNUSED_VARIABLE = YES;
				IPHONEOS_DEPLOYMENT_TARGET = 15.5;
				MTL_ENABLE_DEBUG_INFO = INCLUDE_SOURCE;
				MTL_FAST_MATH = YES;
				ONLY_ACTIVE_ARCH = YES;
				SDKROOT = iphoneos;
				SWIFT_ACTIVE_COMPILATION_CONDITIONS = DEBUG;
				SWIFT_OPTIMIZATION_LEVEL = "-Onone";
			};
			name = Debug;
		};
		BFA467492AF62EC400F2F582 /* Release */ = {
			isa = XCBuildConfiguration;
			buildSettings = {
				ALWAYS_SEARCH_USER_PATHS = NO;
				CLANG_ANALYZER_NONNULL = YES;
				CLANG_ANALYZER_NUMBER_OBJECT_CONVERSION = YES_AGGRESSIVE;
				CLANG_CXX_LANGUAGE_STANDARD = "gnu++17";
				CLANG_ENABLE_MODULES = YES;
				CLANG_ENABLE_OBJC_ARC = YES;
				CLANG_ENABLE_OBJC_WEAK = YES;
				CLANG_WARN_BLOCK_CAPTURE_AUTORELEASING = YES;
				CLANG_WARN_BOOL_CONVERSION = YES;
				CLANG_WARN_COMMA = YES;
				CLANG_WARN_CONSTANT_CONVERSION = YES;
				CLANG_WARN_DEPRECATED_OBJC_IMPLEMENTATIONS = YES;
				CLANG_WARN_DIRECT_OBJC_ISA_USAGE = YES_ERROR;
				CLANG_WARN_DOCUMENTATION_COMMENTS = YES;
				CLANG_WARN_EMPTY_BODY = YES;
				CLANG_WARN_ENUM_CONVERSION = YES;
				CLANG_WARN_INFINITE_RECURSION = YES;
				CLANG_WARN_INT_CONVERSION = YES;
				CLANG_WARN_NON_LITERAL_NULL_CONVERSION = YES;
				CLANG_WARN_OBJC_IMPLICIT_RETAIN_SELF = YES;
				CLANG_WARN_OBJC_LITERAL_CONVERSION = YES;
				CLANG_WARN_OBJC_ROOT_CLASS = YES_ERROR;
				CLANG_WARN_QUOTED_INCLUDE_IN_FRAMEWORK_HEADER = YES;
				CLANG_WARN_RANGE_LOOP_ANALYSIS = YES;
				CLANG_WARN_STRICT_PROTOTYPES = YES;
				CLANG_WARN_SUSPICIOUS_MOVE = YES;
				CLANG_WARN_UNGUARDED_AVAILABILITY = YES_AGGRESSIVE;
				CLANG_WARN_UNREACHABLE_CODE = YES;
				CLANG_WARN__DUPLICATE_METHOD_MATCH = YES;
				COPY_PHASE_STRIP = NO;
				DEBUG_INFORMATION_FORMAT = "dwarf-with-dsym";
				ENABLE_NS_ASSERTIONS = NO;
				ENABLE_STRICT_OBJC_MSGSEND = YES;
				GCC_C_LANGUAGE_STANDARD = gnu11;
				GCC_NO_COMMON_BLOCKS = YES;
				GCC_WARN_64_TO_32_BIT_CONVERSION = YES;
				GCC_WARN_ABOUT_RETURN_TYPE = YES_ERROR;
				GCC_WARN_UNDECLARED_SELECTOR = YES;
				GCC_WARN_UNINITIALIZED_AUTOS = YES_AGGRESSIVE;
				GCC_WARN_UNUSED_FUNCTION = YES;
				GCC_WARN_UNUSED_VARIABLE = YES;
				IPHONEOS_DEPLOYMENT_TARGET = 15.5;
				MTL_ENABLE_DEBUG_INFO = NO;
				MTL_FAST_MATH = YES;
				SDKROOT = iphoneos;
				SWIFT_COMPILATION_MODE = wholemodule;
				SWIFT_OPTIMIZATION_LEVEL = "-O";
				VALIDATE_PRODUCT = YES;
			};
			name = Release;
		};
		BFA4674B2AF62EC400F2F582 /* Debug */ = {
			isa = XCBuildConfiguration;
			buildSettings = {
				ASSETCATALOG_COMPILER_APPICON_NAME = AppIcon;
				ASSETCATALOG_COMPILER_GLOBAL_ACCENT_COLOR_NAME = AccentColor;
				CODE_SIGN_STYLE = Automatic;
				CURRENT_PROJECT_VERSION = 1;
				DEVELOPMENT_TEAM = SM437JQVPZ;
				GENERATE_INFOPLIST_FILE = YES;
				INFOPLIST_FILE = RxMVVM/Info.plist;
				INFOPLIST_KEY_UIApplicationSupportsIndirectInputEvents = YES;
				INFOPLIST_KEY_UILaunchStoryboardName = LaunchScreen;
				INFOPLIST_KEY_UIMainStoryboardFile = Main;
				INFOPLIST_KEY_UISupportedInterfaceOrientations_iPad = "UIInterfaceOrientationPortrait UIInterfaceOrientationPortraitUpsideDown UIInterfaceOrientationLandscapeLeft UIInterfaceOrientationLandscapeRight";
				INFOPLIST_KEY_UISupportedInterfaceOrientations_iPhone = "UIInterfaceOrientationPortrait UIInterfaceOrientationLandscapeLeft UIInterfaceOrientationLandscapeRight";
				LD_RUNPATH_SEARCH_PATHS = (
					"$(inherited)",
					"@executable_path/Frameworks",
				);
				MARKETING_VERSION = 1.0;
				PRODUCT_BUNDLE_IDENTIFIER = com.oguzhanabuhanoglu.RxMVVM;
				PRODUCT_NAME = "$(TARGET_NAME)";
				SWIFT_EMIT_LOC_STRINGS = YES;
				SWIFT_VERSION = 5.0;
				TARGETED_DEVICE_FAMILY = "1,2";
			};
			name = Debug;
		};
		BFA4674C2AF62EC400F2F582 /* Release */ = {
			isa = XCBuildConfiguration;
			buildSettings = {
				ASSETCATALOG_COMPILER_APPICON_NAME = AppIcon;
				ASSETCATALOG_COMPILER_GLOBAL_ACCENT_COLOR_NAME = AccentColor;
				CODE_SIGN_STYLE = Automatic;
				CURRENT_PROJECT_VERSION = 1;
				DEVELOPMENT_TEAM = SM437JQVPZ;
				GENERATE_INFOPLIST_FILE = YES;
				INFOPLIST_FILE = RxMVVM/Info.plist;
				INFOPLIST_KEY_UIApplicationSupportsIndirectInputEvents = YES;
				INFOPLIST_KEY_UILaunchStoryboardName = LaunchScreen;
				INFOPLIST_KEY_UIMainStoryboardFile = Main;
				INFOPLIST_KEY_UISupportedInterfaceOrientations_iPad = "UIInterfaceOrientationPortrait UIInterfaceOrientationPortraitUpsideDown UIInterfaceOrientationLandscapeLeft UIInterfaceOrientationLandscapeRight";
				INFOPLIST_KEY_UISupportedInterfaceOrientations_iPhone = "UIInterfaceOrientationPortrait UIInterfaceOrientationLandscapeLeft UIInterfaceOrientationLandscapeRight";
				LD_RUNPATH_SEARCH_PATHS = (
					"$(inherited)",
					"@executable_path/Frameworks",
				);
				MARKETING_VERSION = 1.0;
				PRODUCT_BUNDLE_IDENTIFIER = com.oguzhanabuhanoglu.RxMVVM;
				PRODUCT_NAME = "$(TARGET_NAME)";
				SWIFT_EMIT_LOC_STRINGS = YES;
				SWIFT_VERSION = 5.0;
				TARGETED_DEVICE_FAMILY = "1,2";
			};
			name = Release;
		};
/* End XCBuildConfiguration section */

/* Begin XCConfigurationList section */
		BFA467312AF62EC300F2F582 /* Build configuration list for PBXProject "RxMVVM" */ = {
			isa = XCConfigurationList;
			buildConfigurations = (
				BFA467482AF62EC400F2F582 /* Debug */,
				BFA467492AF62EC400F2F582 /* Release */,
			);
			defaultConfigurationIsVisible = 0;
			defaultConfigurationName = Release;
		};
		BFA4674A2AF62EC400F2F582 /* Build configuration list for PBXNativeTarget "RxMVVM" */ = {
			isa = XCConfigurationList;
			buildConfigurations = (
				BFA4674B2AF62EC400F2F582 /* Debug */,
				BFA4674C2AF62EC400F2F582 /* Release */,
			);
			defaultConfigurationIsVisible = 0;
			defaultConfigurationName = Release;
		};
/* End XCConfigurationList section */

/* Begin XCRemoteSwiftPackageReference section */
		BFA467572AF784B800F2F582 /* XCRemoteSwiftPackageReference "RxSwift" */ = {
			isa = XCRemoteSwiftPackageReference;
			repositoryURL = "https://github.com/ReactiveX/RxSwift.git";
			requirement = {
				kind = upToNextMajorVersion;
				minimumVersion = 6.0.0;
			};
		};
/* End XCRemoteSwiftPackageReference section */

/* Begin XCSwiftPackageProductDependency section */
		BFA467582AF784B800F2F582 /* RxCocoa */ = {
			isa = XCSwiftPackageProductDependency;
			package = BFA467572AF784B800F2F582 /* XCRemoteSwiftPackageReference "RxSwift" */;
			productName = RxCocoa;
		};
		BFA4675A2AF784B800F2F582 /* RxSwift */ = {
			isa = XCSwiftPackageProductDependency;
			package = BFA467572AF784B800F2F582 /* XCRemoteSwiftPackageReference "RxSwift" */;
			productName = RxSwift;
		};
/* End XCSwiftPackageProductDependency section */
	};
	rootObject = BFA4672E2AF62EC300F2F582 /* Project object */;
}
